
Microsoft Visual Studio Solution File, Format Version 12.00
# Visual Studio Version 16
VisualStudioVersion = 16.0.31112.23
MinimumVisualStudioVersion = 10.0.40219.1
Project("{FAE04EC0-301F-11D3-BF4B-00C04F79EFBC}") = "Grades-Array-Use-Demo", "Grades-Array-Use-Demo\Grades-Array-Use-Demo.csproj", "{B90F7B9A-A6C2-4B08-9B18-4AD53B910237}"
EndProject
Global
	GlobalSection(SolutionConfigurationPlatforms) = preSolution
		Debug|Any CPU = Debug|Any CPU
		Release|Any CPU = Release|Any CPU
	EndGlobalSection
	GlobalSection(ProjectConfigurationPlatforms) = postSolution
		{B90F7B9A-A6C2-4B08-9B18-4AD53B910237}.Debug|Any CPU.ActiveCfg = Debug|Any CPU
		{B90F7B9A-A6C2-4B08-9B18-4AD53B910237}.Debug|Any CPU.Build.0 = Debug|Any CPU
		{B90F7B9A-A6C2-4B08-9B18-4AD53B910237}.Release|Any CPU.ActiveCfg = Release|Any CPU
		{B90F7B9A-A6C2-4B08-9B18-4AD53B910237}.Release|Any CPU.Build.0 = Release|Any CPU
	EndGlobalSection
	GlobalSection(SolutionProperties) = preSolution
		HideSolutionNode = FALSE
	EndGlobalSection
	GlobalSection(ExtensibilityGlobals) = postSolution
		SolutionGuid = {0D1892EC-3F31-4AF3-9CF3-9F10AB6FADB7}
	EndGlobalSection
EndGlobal
